// !$*UTF8*$!
{
	archiveVersion = 1;
	classes = {
	};
	objectVersion = 55;
	objects = {

/* Begin PBXBuildFile section */
		F5E51746296E287900302B52 /* main.swift in Sources */ = {isa = PBXBuildFile; fileRef = F5E51745296E287900302B52 /* main.swift */; };
		F5E5174D296E292900302B52 /* Department_Enum.swift in Sources */ = {isa = PBXBuildFile; fileRef = F5E5174C296E292900302B52 /* Department_Enum.swift */; };
		F5E5174F296E294900302B52 /* Student_Class.swift in Sources */ = {isa = PBXBuildFile; fileRef = F5E5174E296E294900302B52 /* Student_Class.swift */; };
		F5E51751296E295900302B52 /* Size_Class.swift in Sources */ = {isa = PBXBuildFile; fileRef = F5E51750296E295800302B52 /* Size_Class.swift */; };
		F5E51753296E298200302B52 /* Student_Extension.swift in Sources */ = {isa = PBXBuildFile; fileRef = F5E51752296E298200302B52 /* Student_Extension.swift */; };
		F5E51755296E29A400302B52 /* Rectangle_Struct.swift in Sources */ = {isa = PBXBuildFile; fileRef = F5E51754296E29A400302B52 /* Rectangle_Struct.swift */; };
		F5E51757296E29B200302B52 /* Point_Struct.swift in Sources */ = {isa = PBXBuildFile; fileRef = F5E51756296E29B200302B52 /* Point_Struct.swift */; };
/* End PBXBuildFile section */

/* Begin PBXCopyFilesBuildPhase section */
		F5E51740296E287900302B52 /* CopyFiles */ = {
			isa = PBXCopyFilesBuildPhase;
			buildActionMask = 2147483647;
			dstPath = /usr/share/man/man1/;
			dstSubfolderSpec = 0;
			files = (
			);
			runOnlyForDeploymentPostprocessing = 1;
		};
/* End PBXCopyFilesBuildPhase section */

/* Begin PBXFileReference section */
		F5E51742296E287900302B52 /* 04-Assignment */ = {isa = PBXFileReference; explicitFileType = "compiled.mach-o.executable"; includeInIndex = 0; path = "04-Assignment"; sourceTree = BUILT_PRODUCTS_DIR; };
		F5E51745296E287900302B52 /* main.swift */ = {isa = PBXFileReference; lastKnownFileType = sourcecode.swift; path = main.swift; sourceTree = "<group>"; };
		F5E5174C296E292900302B52 /* Department_Enum.swift */ = {isa = PBXFileReference; lastKnownFileType = sourcecode.swift; path = Department_Enum.swift; sourceTree = "<group>"; };
		F5E5174E296E294900302B52 /* Student_Class.swift */ = {isa = PBXFileReference; lastKnownFileType = sourcecode.swift; path = Student_Class.swift; sourceTree = "<group>"; };
		F5E51750296E295800302B52 /* Size_Class.swift */ = {isa = PBXFileReference; lastKnownFileType = sourcecode.swift; path = Size_Class.swift; sourceTree = "<group>"; };
		F5E51752296E298200302B52 /* Student_Extension.swift */ = {isa = PBXFileReference; lastKnownFileType = sourcecode.swift; path = Student_Extension.swift; sourceTree = "<group>"; };
		F5E51754296E29A400302B52 /* Rectangle_Struct.swift */ = {isa = PBXFileReference; lastKnownFileType = sourcecode.swift; path = Rectangle_Struct.swift; sourceTree = "<group>"; };
		F5E51756296E29B200302B52 /* Point_Struct.swift */ = {isa = PBXFileReference; lastKnownFileType = sourcecode.swift; path = Point_Struct.swift; sourceTree = "<group>"; };
/* End PBXFileReference section */

/* Begin PBXFrameworksBuildPhase section */
		F5E5173F296E287900302B52 /* Frameworks */ = {
			isa = PBXFrameworksBuildPhase;
			buildActionMask = 2147483647;
			files = (
			);
			runOnlyForDeploymentPostprocessing = 0;
		};
/* End PBXFrameworksBuildPhase section */

/* Begin PBXGroup section */
		F5E51739296E287900302B52 = {
			isa = PBXGroup;
			children = (
				F5E51744296E287900302B52 /* 04-Assignment */,
				F5E51743296E287900302B52 /* Products */,
			);
			sourceTree = "<group>";
		};
		F5E51743296E287900302B52 /* Products */ = {
			isa = PBXGroup;
			children = (
				F5E51742296E287900302B52 /* 04-Assignment */,
			);
			name = Products;
			sourceTree = "<group>";
		};
		F5E51744296E287900302B52 /* 04-Assignment */ = {
			isa = PBXGroup;
			children = (
				F5E51745296E287900302B52 /* main.swift */,
				F5E5174C296E292900302B52 /* Department_Enum.swift */,
				F5E5174E296E294900302B52 /* Student_Class.swift */,
				F5E51750296E295800302B52 /* Size_Class.swift */,
				F5E51752296E298200302B52 /* Student_Extension.swift */,
				F5E51754296E29A400302B52 /* Rectangle_Struct.swift */,
				F5E51756296E29B200302B52 /* Point_Struct.swift */,
			);
			path = "04-Assignment";
			sourceTree = "<group>";
		};
/* End PBXGroup section */

/* Begin PBXNativeTarget section */
		F5E51741296E287900302B52 /* 04-Assignment */ = {
			isa = PBXNativeTarget;
			buildConfigurationList = F5E51749296E287900302B52 /* Build configuration list for PBXNativeTarget "04-Assignment" */;
			buildPhases = (
				F5E5173E296E287900302B52 /* Sources */,
				F5E5173F296E287900302B52 /* Frameworks */,
				F5E51740296E287900302B52 /* CopyFiles */,
			);
			buildRules = (
			);
			dependencies = (
			);
			name = "04-Assignment";
			productName = "04-Assignment";
			productReference = F5E51742296E287900302B52 /* 04-Assignment */;
			productType = "com.apple.product-type.tool";
		};
/* End PBXNativeTarget section */

/* Begin PBXProject section */
		F5E5173A296E287900302B52 /* Project object */ = {
			isa = PBXProject;
			attributes = {
				BuildIndependentTargetsInParallel = 1;
				LastSwiftUpdateCheck = 1330;
				LastUpgradeCheck = 1330;
				TargetAttributes = {
					F5E51741296E287900302B52 = {
						CreatedOnToolsVersion = 13.3;
					};
				};
			};
			buildConfigurationList = F5E5173D296E287900302B52 /* Build configuration list for PBXProject "04-Assignment" */;
			compatibilityVersion = "Xcode 13.0";
			developmentRegion = en;
			hasScannedForEncodings = 0;
			knownRegions = (
				en,
				Base,
			);
			mainGroup = F5E51739296E287900302B52;
			productRefGroup = F5E51743296E287900302B52 /* Products */;
			projectDirPath = "";
			projectRoot = "";
			targets = (
				F5E51741296E287900302B52 /* 04-Assignment */,
			);
		};
/* End PBXProject section */

/* Begin PBXSourcesBuildPhase section */
		F5E5173E296E287900302B52 /* Sources */ = {
			isa = PBXSourcesBuildPhase;
			buildActionMask = 2147483647;
			files = (
				F5E5174D296E292900302B52 /* Department_Enum.swift in Sources */,
				F5E51746296E287900302B52 /* main.swift in Sources */,
				F5E5174F296E294900302B52 /* Student_Class.swift in Sources */,
				F5E51757296E29B200302B52 /* Point_Struct.swift in Sources */,
				F5E51753296E298200302B52 /* Student_Extension.swift in Sources */,
				F5E51755296E29A400302B52 /* Rectangle_Struct.swift in Sources */,
				F5E51751296E295900302B52 /* Size_Class.swift in Sources */,
			);
			runOnlyForDeploymentPostprocessing = 0;
		};
/* End PBXSourcesBuildPhase section */

/* Begin XCBuildConfiguration section */
		F5E51747296E287900302B52 /* Debug */ = {
			isa = XCBuildConfiguration;
			buildSettings = {
				ALWAYS_SEARCH_USER_PATHS = NO;
				CLANG_ANALYZER_NONNULL = YES;
				CLANG_ANALYZER_NUMBER_OBJECT_CONVERSION = YES_AGGRESSIVE;
				CLANG_CXX_LANGUAGE_STANDARD = "gnu++17";
				CLANG_ENABLE_MODULES = YES;
				CLANG_ENABLE_OBJC_ARC = YES;
				CLANG_ENABLE_OBJC_WEAK = YES;
				CLANG_WARN_BLOCK_CAPTURE_AUTORELEASING = YES;
				CLANG_WARN_BOOL_CONVERSION = YES;
				CLANG_WARN_COMMA = YES;
				CLANG_WARN_CONSTANT_CONVERSION = YES;
				CLANG_WARN_DEPRECATED_OBJC_IMPLEMENTATIONS = YES;
				CLANG_WARN_DIRECT_OBJC_ISA_USAGE = YES_ERROR;
				CLANG_WARN_DOCUMENTATION_COMMENTS = YES;
				CLANG_WARN_EMPTY_BODY = YES;
				CLANG_WARN_ENUM_CONVERSION = YES;
				CLANG_WARN_INFINITE_RECURSION = YES;
				CLANG_WARN_INT_CONVERSION = YES;
				CLANG_WARN_NON_LITERAL_NULL_CONVERSION = YES;
				CLANG_WARN_OBJC_IMPLICIT_RETAIN_SELF = YES;
				CLANG_WARN_OBJC_LITERAL_CONVERSION = YES;
				CLANG_WARN_OBJC_ROOT_CLASS = YES_ERROR;
				CLANG_WARN_QUOTED_INCLUDE_IN_FRAMEWORK_HEADER = YES;
				CLANG_WARN_RANGE_LOOP_ANALYSIS = YES;
				CLANG_WARN_STRICT_PROTOTYPES = YES;
				CLANG_WARN_SUSPICIOUS_MOVE = YES;
				CLANG_WARN_UNGUARDED_AVAILABILITY = YES_AGGRESSIVE;
				CLANG_WARN_UNREACHABLE_CODE = YES;
				CLANG_WARN__DUPLICATE_METHOD_MATCH = YES;
				COPY_PHASE_STRIP = NO;
				DEBUG_INFORMATION_FORMAT = dwarf;
				ENABLE_STRICT_OBJC_MSGSEND = YES;
				ENABLE_TESTABILITY = YES;
				GCC_C_LANGUAGE_STANDARD = gnu11;
				GCC_DYNAMIC_NO_PIC = NO;
				GCC_NO_COMMON_BLOCKS = YES;
				GCC_OPTIMIZATION_LEVEL = 0;
				GCC_PREPROCESSOR_DEFINITIONS = (
					"DEBUG=1",
					"$(inherited)",
				);
				GCC_WARN_64_TO_32_BIT_CONVERSION = YES;
				GCC_WARN_ABOUT_RETURN_TYPE = YES_ERROR;
				GCC_WARN_UNDECLARED_SELECTOR = YES;
				GCC_WARN_UNINITIALIZED_AUTOS = YES_AGGRESSIVE;
				GCC_WARN_UNUSED_FUNCTION = YES;
				GCC_WARN_UNUSED_VARIABLE = YES;
				MACOSX_DEPLOYMENT_TARGET = 12.1;
				MTL_ENABLE_DEBUG_INFO = INCLUDE_SOURCE;
				MTL_FAST_MATH = YES;
				ONLY_ACTIVE_ARCH = YES;
				SDKROOT = macosx;
				SWIFT_ACTIVE_COMPILATION_CONDITIONS = DEBUG;
				SWIFT_OPTIMIZATION_LEVEL = "-Onone";
			};
			name = Debug;
		};
		F5E51748296E287900302B52 /* Release */ = {
			isa = XCBuildConfiguration;
			buildSettings = {
				ALWAYS_SEARCH_USER_PATHS = NO;
				CLANG_ANALYZER_NONNULL = YES;
				CLANG_ANALYZER_NUMBER_OBJECT_CONVERSION = YES_AGGRESSIVE;
				CLANG_CXX_LANGUAGE_STANDARD = "gnu++17";
				CLANG_ENABLE_MODULES = YES;
				CLANG_ENABLE_OBJC_ARC = YES;
				CLANG_ENABLE_OBJC_WEAK = YES;
				CLANG_WARN_BLOCK_CAPTURE_AUTORELEASING = YES;
				CLANG_WARN_BOOL_CONVERSION = YES;
				CLANG_WARN_COMMA = YES;
				CLANG_WARN_CONSTANT_CONVERSION = YES;
				CLANG_WARN_DEPRECATED_OBJC_IMPLEMENTATIONS = YES;
				CLANG_WARN_DIRECT_OBJC_ISA_USAGE = YES_ERROR;
				CLANG_WARN_DOCUMENTATION_COMMENTS = YES;
				CLANG_WARN_EMPTY_BODY = YES;
				CLANG_WARN_ENUM_CONVERSION = YES;
				CLANG_WARN_INFINITE_RECURSION = YES;
				CLANG_WARN_INT_CONVERSION = YES;
				CLANG_WARN_NON_LITERAL_NULL_CONVERSION = YES;
				CLANG_WARN_OBJC_IMPLICIT_RETAIN_SELF = YES;
				CLANG_WARN_OBJC_LITERAL_CONVERSION = YES;
				CLANG_WARN_OBJC_ROOT_CLASS = YES_ERROR;
				CLANG_WARN_QUOTED_INCLUDE_IN_FRAMEWORK_HEADER = YES;
				CLANG_WARN_RANGE_LOOP_ANALYSIS = YES;
				CLANG_WARN_STRICT_PROTOTYPES = YES;
				CLANG_WARN_SUSPICIOUS_MOVE = YES;
				CLANG_WARN_UNGUARDED_AVAILABILITY = YES_AGGRESSIVE;
				CLANG_WARN_UNREACHABLE_CODE = YES;
				CLANG_WARN__DUPLICATE_METHOD_MATCH = YES;
				COPY_PHASE_STRIP = NO;
				DEBUG_INFORMATION_FORMAT = "dwarf-with-dsym";
				ENABLE_NS_ASSERTIONS = NO;
				ENABLE_STRICT_OBJC_MSGSEND = YES;
				GCC_C_LANGUAGE_STANDARD = gnu11;
				GCC_NO_COMMON_BLOCKS = YES;
				GCC_WARN_64_TO_32_BIT_CONVERSION = YES;
				GCC_WARN_ABOUT_RETURN_TYPE = YES_ERROR;
				GCC_WARN_UNDECLARED_SELECTOR = YES;
				GCC_WARN_UNINITIALIZED_AUTOS = YES_AGGRESSIVE;
				GCC_WARN_UNUSED_FUNCTION = YES;
				GCC_WARN_UNUSED_VARIABLE = YES;
				MACOSX_DEPLOYMENT_TARGET = 12.1;
				MTL_ENABLE_DEBUG_INFO = NO;
				MTL_FAST_MATH = YES;
				SDKROOT = macosx;
				SWIFT_COMPILATION_MODE = wholemodule;
				SWIFT_OPTIMIZATION_LEVEL = "-O";
			};
			name = Release;
		};
		F5E5174A296E287900302B52 /* Debug */ = {
			isa = XCBuildConfiguration;
			buildSettings = {
				CODE_SIGN_STYLE = Automatic;
				DEVELOPMENT_TEAM = 4R32MLPWCK;
				ENABLE_HARDENED_RUNTIME = YES;
				PRODUCT_NAME = "$(TARGET_NAME)";
				SWIFT_VERSION = 5.0;
			};
			name = Debug;
		};
		F5E5174B296E287900302B52 /* Release */ = {
			isa = XCBuildConfiguration;
			buildSettings = {
				CODE_SIGN_STYLE = Automatic;
				DEVELOPMENT_TEAM = 4R32MLPWCK;
				ENABLE_HARDENED_RUNTIME = YES;
				PRODUCT_NAME = "$(TARGET_NAME)";
				SWIFT_VERSION = 5.0;
			};
			name = Release;
		};
/* End XCBuildConfiguration section */

/* Begin XCConfigurationList section */
		F5E5173D296E287900302B52 /* Build configuration list for PBXProject "04-Assignment" */ = {
			isa = XCConfigurationList;
			buildConfigurations = (
				F5E51747296E287900302B52 /* Debug */,
				F5E51748296E287900302B52 /* Release */,
			);
			defaultConfigurationIsVisible = 0;
			defaultConfigurationName = Release;
		};
		F5E51749296E287900302B52 /* Build configuration list for PBXNativeTarget "04-Assignment" */ = {
			isa = XCConfigurationList;
			buildConfigurations = (
				F5E5174A296E287900302B52 /* Debug */,
				F5E5174B296E287900302B52 /* Release */,
			);
			defaultConfigurationIsVisible = 0;
			defaultConfigurationName = Release;
		};
/* End XCConfigurationList section */
	};
	rootObject = F5E5173A296E287900302B52 /* Project object */;
}
